
Microsoft Visual Studio Solution File, Format Version 12.00
# Visual Studio Version 17
VisualStudioVersion = 17.1.32210.238
MinimumVisualStudioVersion = 10.0.40219.1
Project("{FAE04EC0-301F-11D3-BF4B-00C04F79EFBC}") = "IFN563_ChessGaming", "IFN563_ChessGaming.csproj", "{1AEB27E0-7D00-462A-BA8D-C0114A708996}"
EndProject
Global
	GlobalSection(SolutionConfigurationPlatforms) = preSolution
		Debug|Any CPU = Debug|Any CPU
		Release|Any CPU = Release|Any CPU
	EndGlobalSection
	GlobalSection(ProjectConfigurationPlatforms) = postSolution
		{1AEB27E0-7D00-462A-BA8D-C0114A708996}.Debug|Any CPU.ActiveCfg = Debug|Any CPU
		{1AEB27E0-7D00-462A-BA8D-C0114A708996}.Debug|Any CPU.Build.0 = Debug|Any CPU
		{1AEB27E0-7D00-462A-BA8D-C0114A708996}.Release|Any CPU.ActiveCfg = Release|Any CPU
		{1AEB27E0-7D00-462A-BA8D-C0114A708996}.Release|Any CPU.Build.0 = Release|Any CPU
	EndGlobalSection
	GlobalSection(SolutionProperties) = preSolution
		HideSolutionNode = FALSE
	EndGlobalSection
	GlobalSection(ExtensibilityGlobals) = postSolution
		SolutionGuid = {0BA506A3-1275-4928-BBC9-09B04D2C5206}
	EndGlobalSection
EndGlobal
